// !$*UTF8*$!
{
	archiveVersion = 1;
	classes = {
	};
	objectVersion = 46;
	objects = {

/* Begin PBXBuildFile section */
		315708E31AAAF706003D26D9 /* TitleCollectionViewCell.xib in Resources */ = {isa = PBXBuildFile; fileRef = 315708E21AAAF706003D26D9 /* TitleCollectionViewCell.xib */; };
		319D33881AAC109100DCE9BB /* source.plist in Resources */ = {isa = PBXBuildFile; fileRef = 319D33871AAC109100DCE9BB /* source.plist */; };
		319D33B11AAC10A200DCE9BB /* question1.png in Resources */ = {isa = PBXBuildFile; fileRef = 319D338A1AAC10A200DCE9BB /* question1.png */; };
		319D33B21AAC10A200DCE9BB /* question10.png in Resources */ = {isa = PBXBuildFile; fileRef = 319D338B1AAC10A200DCE9BB /* question10.png */; };
		319D33B31AAC10A200DCE9BB /* question11.png in Resources */ = {isa = PBXBuildFile; fileRef = 319D338C1AAC10A200DCE9BB /* question11.png */; };
		319D33B41AAC10A200DCE9BB /* question12.png in Resources */ = {isa = PBXBuildFile; fileRef = 319D338D1AAC10A200DCE9BB /* question12.png */; };
		319D33B51AAC10A200DCE9BB /* question13.png in Resources */ = {isa = PBXBuildFile; fileRef = 319D338E1AAC10A200DCE9BB /* question13.png */; };
		319D33B61AAC10A200DCE9BB /* question14.png in Resources */ = {isa = PBXBuildFile; fileRef = 319D338F1AAC10A200DCE9BB /* question14.png */; };
		319D33B71AAC10A200DCE9BB /* question15.png in Resources */ = {isa = PBXBuildFile; fileRef = 319D33901AAC10A200DCE9BB /* question15.png */; };
		319D33B81AAC10A200DCE9BB /* question16.png in Resources */ = {isa = PBXBuildFile; fileRef = 319D33911AAC10A200DCE9BB /* question16.png */; };
		319D33B91AAC10A200DCE9BB /* question17.png in Resources */ = {isa = PBXBuildFile; fileRef = 319D33921AAC10A200DCE9BB /* question17.png */; };
		319D33BA1AAC10A200DCE9BB /* question18.png in Resources */ = {isa = PBXBuildFile; fileRef = 319D33931AAC10A200DCE9BB /* question18.png */; };
		319D33BB1AAC10A200DCE9BB /* question19.png in Resources */ = {isa = PBXBuildFile; fileRef = 319D33941AAC10A200DCE9BB /* question19.png */; };
		319D33BC1AAC10A200DCE9BB /* question2.png in Resources */ = {isa = PBXBuildFile; fileRef = 319D33951AAC10A200DCE9BB /* question2.png */; };
		319D33BD1AAC10A200DCE9BB /* question20.png in Resources */ = {isa = PBXBuildFile; fileRef = 319D33961AAC10A200DCE9BB /* question20.png */; };
		319D33BE1AAC10A200DCE9BB /* question21.png in Resources */ = {isa = PBXBuildFile; fileRef = 319D33971AAC10A200DCE9BB /* question21.png */; };
		319D33BF1AAC10A200DCE9BB /* question22.png in Resources */ = {isa = PBXBuildFile; fileRef = 319D33981AAC10A200DCE9BB /* question22.png */; };
		319D33C01AAC10A200DCE9BB /* question23.png in Resources */ = {isa = PBXBuildFile; fileRef = 319D33991AAC10A200DCE9BB /* question23.png */; };
		319D33C11AAC10A200DCE9BB /* question24.png in Resources */ = {isa = PBXBuildFile; fileRef = 319D339A1AAC10A200DCE9BB /* question24.png */; };
		319D33C21AAC10A200DCE9BB /* question25.png in Resources */ = {isa = PBXBuildFile; fileRef = 319D339B1AAC10A200DCE9BB /* question25.png */; };
		319D33C31AAC10A200DCE9BB /* question27.png in Resources */ = {isa = PBXBuildFile; fileRef = 319D339C1AAC10A200DCE9BB /* question27.png */; };
		319D33C41AAC10A200DCE9BB /* question28.png in Resources */ = {isa = PBXBuildFile; fileRef = 319D339D1AAC10A200DCE9BB /* question28.png */; };
		319D33C51AAC10A200DCE9BB /* question29.png in Resources */ = {isa = PBXBuildFile; fileRef = 319D339E1AAC10A200DCE9BB /* question29.png */; };
		319D33C61AAC10A200DCE9BB /* question3.png in Resources */ = {isa = PBXBuildFile; fileRef = 319D339F1AAC10A200DCE9BB /* question3.png */; };
		319D33C71AAC10A200DCE9BB /* question30.png in Resources */ = {isa = PBXBuildFile; fileRef = 319D33A01AAC10A200DCE9BB /* question30.png */; };
		319D33C81AAC10A200DCE9BB /* question31.png in Resources */ = {isa = PBXBuildFile; fileRef = 319D33A11AAC10A200DCE9BB /* question31.png */; };
		319D33C91AAC10A200DCE9BB /* question32.png in Resources */ = {isa = PBXBuildFile; fileRef = 319D33A21AAC10A200DCE9BB /* question32.png */; };
		319D33CA1AAC10A200DCE9BB /* question33.png in Resources */ = {isa = PBXBuildFile; fileRef = 319D33A31AAC10A200DCE9BB /* question33.png */; };
		319D33CB1AAC10A200DCE9BB /* question34.png in Resources */ = {isa = PBXBuildFile; fileRef = 319D33A41AAC10A200DCE9BB /* question34.png */; };
		319D33CC1AAC10A200DCE9BB /* question35.png in Resources */ = {isa = PBXBuildFile; fileRef = 319D33A51AAC10A200DCE9BB /* question35.png */; };
		319D33CD1AAC10A200DCE9BB /* question36.png in Resources */ = {isa = PBXBuildFile; fileRef = 319D33A61AAC10A200DCE9BB /* question36.png */; };
		319D33CE1AAC10A200DCE9BB /* question37.png in Resources */ = {isa = PBXBuildFile; fileRef = 319D33A71AAC10A200DCE9BB /* question37.png */; };
		319D33CF1AAC10A200DCE9BB /* question38.png in Resources */ = {isa = PBXBuildFile; fileRef = 319D33A81AAC10A200DCE9BB /* question38.png */; };
		319D33D01AAC10A200DCE9BB /* question39.png in Resources */ = {isa = PBXBuildFile; fileRef = 319D33A91AAC10A200DCE9BB /* question39.png */; };
		319D33D11AAC10A200DCE9BB /* question4.png in Resources */ = {isa = PBXBuildFile; fileRef = 319D33AA1AAC10A200DCE9BB /* question4.png */; };
		319D33D21AAC10A200DCE9BB /* question40.png in Resources */ = {isa = PBXBuildFile; fileRef = 319D33AB1AAC10A200DCE9BB /* question40.png */; };
		319D33D31AAC10A200DCE9BB /* question5.png in Resources */ = {isa = PBXBuildFile; fileRef = 319D33AC1AAC10A200DCE9BB /* question5.png */; };
		319D33D41AAC10A200DCE9BB /* question6.png in Resources */ = {isa = PBXBuildFile; fileRef = 319D33AD1AAC10A200DCE9BB /* question6.png */; };
		319D33D51AAC10A200DCE9BB /* question7.png in Resources */ = {isa = PBXBuildFile; fileRef = 319D33AE1AAC10A200DCE9BB /* question7.png */; };
		319D33D61AAC10A200DCE9BB /* question8.png in Resources */ = {isa = PBXBuildFile; fileRef = 319D33AF1AAC10A200DCE9BB /* question8.png */; };
		319D33D71AAC10A200DCE9BB /* question9.png in Resources */ = {isa = PBXBuildFile; fileRef = 319D33B01AAC10A200DCE9BB /* question9.png */; };
		319D33DA1AAC174C00DCE9BB /* playModel.m in Sources */ = {isa = PBXBuildFile; fileRef = 319D33D91AAC174C00DCE9BB /* playModel.m */; };
		319D33DD1AAC32D200DCE9BB /* winAlterView.m in Sources */ = {isa = PBXBuildFile; fileRef = 319D33DC1AAC32D200DCE9BB /* winAlterView.m */; };
		319D33DF1AAC32E700DCE9BB /* winAlterView.xib in Resources */ = {isa = PBXBuildFile; fileRef = 319D33DE1AAC32E700DCE9BB /* winAlterView.xib */; };
		319D33F41AAC7C3000DCE9BB /* CompetitionControllerView.m in Sources */ = {isa = PBXBuildFile; fileRef = 319D33F21AAC7C3000DCE9BB /* CompetitionControllerView.m */; };
		319D33F51AAC7C3000DCE9BB /* CompetitionControllerView.xib in Resources */ = {isa = PBXBuildFile; fileRef = 319D33F31AAC7C3000DCE9BB /* CompetitionControllerView.xib */; };
		31B8E0771AA899DF0052498A /* SettingViewController.m in Sources */ = {isa = PBXBuildFile; fileRef = 31B8E0741AA899DF0052498A /* SettingViewController.m */; };
		31B8E0781AA899DF0052498A /* SettingViewController.xib in Resources */ = {isa = PBXBuildFile; fileRef = 31B8E0751AA899DF0052498A /* SettingViewController.xib */; };
		31B8E07B1AA89A0F0052498A /* SettingModel.m in Sources */ = {isa = PBXBuildFile; fileRef = 31B8E07A1AA89A0F0052498A /* SettingModel.m */; };
		31E93D591AA9F6AE00527541 /* PlayViewController.m in Sources */ = {isa = PBXBuildFile; fileRef = 31E93D551AA9F6AE00527541 /* PlayViewController.m */; };
		31E93D5A1AA9F6AE00527541 /* PlayViewController.xib in Resources */ = {isa = PBXBuildFile; fileRef = 31E93D561AA9F6AE00527541 /* PlayViewController.xib */; };
		31E93D5E1AA9F6F700527541 /* TitleCollectionViewCell.m in Sources */ = {isa = PBXBuildFile; fileRef = 31E93D5C1AA9F6F700527541 /* TitleCollectionViewCell.m */; };
		9344BE6E1AA82DA500E68858 /* main.m in Sources */ = {isa = PBXBuildFile; fileRef = 9344BE6D1AA82DA500E68858 /* main.m */; };
		9344BE7C1AA82DA500E68858 /* Images.xcassets in Resources */ = {isa = PBXBuildFile; fileRef = 9344BE7B1AA82DA500E68858 /* Images.xcassets */; };
		9344BE8B1AA82DA500E68858 /* GuessTests.m in Sources */ = {isa = PBXBuildFile; fileRef = 9344BE8A1AA82DA500E68858 /* GuessTests.m */; };
		9344BE991AA82E0800E68858 /* AppDelegate.m in Sources */ = {isa = PBXBuildFile; fileRef = 9344BE971AA82E0800E68858 /* AppDelegate.m */; };
		9344C7561AA835EE00E68858 /* BaseViewController.m in Sources */ = {isa = PBXBuildFile; fileRef = 9344C7551AA835EE00E68858 /* BaseViewController.m */; };
		9344C75A1AA835FD00E68858 /* MainViewController.m in Sources */ = {isa = PBXBuildFile; fileRef = 9344C7581AA835FD00E68858 /* MainViewController.m */; };
		9344C75B1AA835FD00E68858 /* MainViewController.xib in Resources */ = {isa = PBXBuildFile; fileRef = 9344C7591AA835FD00E68858 /* MainViewController.xib */; };
		9344C75E1AA83B6700E68858 /* MyNavViewController.m in Sources */ = {isa = PBXBuildFile; fileRef = 9344C75D1AA83B6700E68858 /* MyNavViewController.m */; };
		9344CFDA1AA958DE00E68858 /* UIImage+QJ.m in Sources */ = {isa = PBXBuildFile; fileRef = 9344CFD91AA958DE00E68858 /* UIImage+QJ.m */; };
/* End PBXBuildFile section */

/* Begin PBXContainerItemProxy section */
		9344BE851AA82DA500E68858 /* PBXContainerItemProxy */ = {
			isa = PBXContainerItemProxy;
			containerPortal = 9344BE601AA82DA500E68858 /* Project object */;
			proxyType = 1;
			remoteGlobalIDString = 9344BE671AA82DA500E68858;
			remoteInfo = Guess;
		};
/* End PBXContainerItemProxy section */

/* Begin PBXFileReference section */
		315708E21AAAF706003D26D9 /* TitleCollectionViewCell.xib */ = {isa = PBXFileReference; fileEncoding = 4; lastKnownFileType = file.xib; path = TitleCollectionViewCell.xib; sourceTree = "<group>"; };
		319D33871AAC109100DCE9BB /* source.plist */ = {isa = PBXFileReference; fileEncoding = 4; lastKnownFileType = text.plist.xml; path = source.plist; sourceTree = "<group>"; };
		319D338A1AAC10A200DCE9BB /* question1.png */ = {isa = PBXFileReference; lastKnownFileType = image.png; path = question1.png; sourceTree = "<group>"; };
		319D338B1AAC10A200DCE9BB /* question10.png */ = {isa = PBXFileReference; lastKnownFileType = image.png; path = question10.png; sourceTree = "<group>"; };
		319D338C1AAC10A200DCE9BB /* question11.png */ = {isa = PBXFileReference; lastKnownFileType = image.png; path = question11.png; sourceTree = "<group>"; };
		319D338D1AAC10A200DCE9BB /* question12.png */ = {isa = PBXFileReference; lastKnownFileType = image.png; path = question12.png; sourceTree = "<group>"; };
		319D338E1AAC10A200DCE9BB /* question13.png */ = {isa = PBXFileReference; lastKnownFileType = image.png; path = question13.png; sourceTree = "<group>"; };
		319D338F1AAC10A200DCE9BB /* question14.png */ = {isa = PBXFileReference; lastKnownFileType = image.png; path = question14.png; sourceTree = "<group>"; };
		319D33901AAC10A200DCE9BB /* question15.png */ = {isa = PBXFileReference; lastKnownFileType = image.png; path = question15.png; sourceTree = "<group>"; };
		319D33911AAC10A200DCE9BB /* question16.png */ = {isa = PBXFileReference; lastKnownFileType = image.png; path = question16.png; sourceTree = "<group>"; };
		319D33921AAC10A200DCE9BB /* question17.png */ = {isa = PBXFileReference; lastKnownFileType = image.png; path = question17.png; sourceTree = "<group>"; };
		319D33931AAC10A200DCE9BB /* question18.png */ = {isa = PBXFileReference; lastKnownFileType = image.png; path = question18.png; sourceTree = "<group>"; };
		319D33941AAC10A200DCE9BB /* question19.png */ = {isa = PBXFileReference; lastKnownFileType = image.png; path = question19.png; sourceTree = "<group>"; };
		319D33951AAC10A200DCE9BB /* question2.png */ = {isa = PBXFileReference; lastKnownFileType = image.png; path = question2.png; sourceTree = "<group>"; };
		319D33961AAC10A200DCE9BB /* question20.png */ = {isa = PBXFileReference; lastKnownFileType = image.png; path = question20.png; sourceTree = "<group>"; };
		319D33971AAC10A200DCE9BB /* question21.png */ = {isa = PBXFileReference; lastKnownFileType = image.png; path = question21.png; sourceTree = "<group>"; };
		319D33981AAC10A200DCE9BB /* question22.png */ = {isa = PBXFileReference; lastKnownFileType = image.png; path = question22.png; sourceTree = "<group>"; };
		319D33991AAC10A200DCE9BB /* question23.png */ = {isa = PBXFileReference; lastKnownFileType = image.png; path = question23.png; sourceTree = "<group>"; };
		319D339A1AAC10A200DCE9BB /* question24.png */ = {isa = PBXFileReference; lastKnownFileType = image.png; path = question24.png; sourceTree = "<group>"; };
		319D339B1AAC10A200DCE9BB /* question25.png */ = {isa = PBXFileReference; lastKnownFileType = image.png; path = question25.png; sourceTree = "<group>"; };
		319D339C1AAC10A200DCE9BB /* question27.png */ = {isa = PBXFileReference; lastKnownFileType = image.png; path = question27.png; sourceTree = "<group>"; };
		319D339D1AAC10A200DCE9BB /* question28.png */ = {isa = PBXFileReference; lastKnownFileType = image.png; path = question28.png; sourceTree = "<group>"; };
		319D339E1AAC10A200DCE9BB /* question29.png */ = {isa = PBXFileReference; lastKnownFileType = image.png; path = question29.png; sourceTree = "<group>"; };
		319D339F1AAC10A200DCE9BB /* question3.png */ = {isa = PBXFileReference; lastKnownFileType = image.png; path = question3.png; sourceTree = "<group>"; };
		319D33A01AAC10A200DCE9BB /* question30.png */ = {isa = PBXFileReference; lastKnownFileType = image.png; path = question30.png; sourceTree = "<group>"; };
		319D33A11AAC10A200DCE9BB /* question31.png */ = {isa = PBXFileReference; lastKnownFileType = image.png; path = question31.png; sourceTree = "<group>"; };
		319D33A21AAC10A200DCE9BB /* question32.png */ = {isa = PBXFileReference; lastKnownFileType = image.png; path = question32.png; sourceTree = "<group>"; };
		319D33A31AAC10A200DCE9BB /* question33.png */ = {isa = PBXFileReference; lastKnownFileType = image.png; path = question33.png; sourceTree = "<group>"; };
		319D33A41AAC10A200DCE9BB /* question34.png */ = {isa = PBXFileReference; lastKnownFileType = image.png; path = question34.png; sourceTree = "<group>"; };
		319D33A51AAC10A200DCE9BB /* question35.png */ = {isa = PBXFileReference; lastKnownFileType = image.png; path = question35.png; sourceTree = "<group>"; };
		319D33A61AAC10A200DCE9BB /* question36.png */ = {isa = PBXFileReference; lastKnownFileType = image.png; path = question36.png; sourceTree = "<group>"; };
		319D33A71AAC10A200DCE9BB /* question37.png */ = {isa = PBXFileReference; lastKnownFileType = image.png; path = question37.png; sourceTree = "<group>"; };
		319D33A81AAC10A200DCE9BB /* question38.png */ = {isa = PBXFileReference; lastKnownFileType = image.png; path = question38.png; sourceTree = "<group>"; };
		319D33A91AAC10A200DCE9BB /* question39.png */ = {isa = PBXFileReference; lastKnownFileType = image.png; path = question39.png; sourceTree = "<group>"; };
		319D33AA1AAC10A200DCE9BB /* question4.png */ = {isa = PBXFileReference; lastKnownFileType = image.png; path = question4.png; sourceTree = "<group>"; };
		319D33AB1AAC10A200DCE9BB /* question40.png */ = {isa = PBXFileReference; lastKnownFileType = image.png; path = question40.png; sourceTree = "<group>"; };
		319D33AC1AAC10A200DCE9BB /* question5.png */ = {isa = PBXFileReference; lastKnownFileType = image.png; path = question5.png; sourceTree = "<group>"; };
		319D33AD1AAC10A200DCE9BB /* question6.png */ = {isa = PBXFileReference; lastKnownFileType = image.png; path = question6.png; sourceTree = "<group>"; };
		319D33AE1AAC10A200DCE9BB /* question7.png */ = {isa = PBXFileReference; lastKnownFileType = image.png; path = question7.png; sourceTree = "<group>"; };
		319D33AF1AAC10A200DCE9BB /* question8.png */ = {isa = PBXFileReference; lastKnownFileType = image.png; path = question8.png; sourceTree = "<group>"; };
		319D33B01AAC10A200DCE9BB /* question9.png */ = {isa = PBXFileReference; lastKnownFileType = image.png; path = question9.png; sourceTree = "<group>"; };
		319D33D81AAC174C00DCE9BB /* playModel.h */ = {isa = PBXFileReference; fileEncoding = 4; lastKnownFileType = sourcecode.c.h; path = playModel.h; sourceTree = "<group>"; };
		319D33D91AAC174C00DCE9BB /* playModel.m */ = {isa = PBXFileReference; fileEncoding = 4; lastKnownFileType = sourcecode.c.objc; path = playModel.m; sourceTree = "<group>"; };
		319D33DB1AAC32D200DCE9BB /* winAlterView.h */ = {isa = PBXFileReference; fileEncoding = 4; lastKnownFileType = sourcecode.c.h; path = winAlterView.h; sourceTree = "<group>"; };
		319D33DC1AAC32D200DCE9BB /* winAlterView.m */ = {isa = PBXFileReference; fileEncoding = 4; lastKnownFileType = sourcecode.c.objc; path = winAlterView.m; sourceTree = "<group>"; };
		319D33DE1AAC32E700DCE9BB /* winAlterView.xib */ = {isa = PBXFileReference; fileEncoding = 4; lastKnownFileType = file.xib; path = winAlterView.xib; sourceTree = "<group>"; };
		319D33F11AAC7C3000DCE9BB /* CompetitionControllerView.h */ = {isa = PBXFileReference; fileEncoding = 4; lastKnownFileType = sourcecode.c.h; path = CompetitionControllerView.h; sourceTree = "<group>"; };
		319D33F21AAC7C3000DCE9BB /* CompetitionControllerView.m */ = {isa = PBXFileReference; fileEncoding = 4; lastKnownFileType = sourcecode.c.objc; path = CompetitionControllerView.m; sourceTree = "<group>"; };
		319D33F31AAC7C3000DCE9BB /* CompetitionControllerView.xib */ = {isa = PBXFileReference; fileEncoding = 4; lastKnownFileType = file.xib; path = CompetitionControllerView.xib; sourceTree = "<group>"; };
		31B8E0731AA899DF0052498A /* SettingViewController.h */ = {isa = PBXFileReference; fileEncoding = 4; lastKnownFileType = sourcecode.c.h; path = SettingViewController.h; sourceTree = "<group>"; };
		31B8E0741AA899DF0052498A /* SettingViewController.m */ = {isa = PBXFileReference; fileEncoding = 4; lastKnownFileType = sourcecode.c.objc; path = SettingViewController.m; sourceTree = "<group>"; };
		31B8E0751AA899DF0052498A /* SettingViewController.xib */ = {isa = PBXFileReference; fileEncoding = 4; lastKnownFileType = file.xib; path = SettingViewController.xib; sourceTree = "<group>"; };
		31B8E0791AA89A0F0052498A /* SettingModel.h */ = {isa = PBXFileReference; fileEncoding = 4; lastKnownFileType = sourcecode.c.h; path = SettingModel.h; sourceTree = "<group>"; };
		31B8E07A1AA89A0F0052498A /* SettingModel.m */ = {isa = PBXFileReference; fileEncoding = 4; lastKnownFileType = sourcecode.c.objc; path = SettingModel.m; sourceTree = "<group>"; };
		31E93D541AA9F6AE00527541 /* PlayViewController.h */ = {isa = PBXFileReference; fileEncoding = 4; lastKnownFileType = sourcecode.c.h; path = PlayViewController.h; sourceTree = "<group>"; };
		31E93D551AA9F6AE00527541 /* PlayViewController.m */ = {isa = PBXFileReference; fileEncoding = 4; lastKnownFileType = sourcecode.c.objc; path = PlayViewController.m; sourceTree = "<group>"; };
		31E93D561AA9F6AE00527541 /* PlayViewController.xib */ = {isa = PBXFileReference; fileEncoding = 4; lastKnownFileType = file.xib; path = PlayViewController.xib; sourceTree = "<group>"; };
		31E93D5B1AA9F6F700527541 /* TitleCollectionViewCell.h */ = {isa = PBXFileReference; fileEncoding = 4; lastKnownFileType = sourcecode.c.h; path = TitleCollectionViewCell.h; sourceTree = "<group>"; };
		31E93D5C1AA9F6F700527541 /* TitleCollectionViewCell.m */ = {isa = PBXFileReference; fileEncoding = 4; lastKnownFileType = sourcecode.c.objc; path = TitleCollectionViewCell.m; sourceTree = "<group>"; };
		9344BE681AA82DA500E68858 /* Guess.app */ = {isa = PBXFileReference; explicitFileType = wrapper.application; includeInIndex = 0; path = Guess.app; sourceTree = BUILT_PRODUCTS_DIR; };
		9344BE6C1AA82DA500E68858 /* Info.plist */ = {isa = PBXFileReference; lastKnownFileType = text.plist.xml; path = Info.plist; sourceTree = "<group>"; };
		9344BE6D1AA82DA500E68858 /* main.m */ = {isa = PBXFileReference; lastKnownFileType = sourcecode.c.objc; path = main.m; sourceTree = "<group>"; };
		9344BE7B1AA82DA500E68858 /* Images.xcassets */ = {isa = PBXFileReference; lastKnownFileType = folder.assetcatalog; path = Images.xcassets; sourceTree = "<group>"; };
		9344BE841AA82DA500E68858 /* GuessTests.xctest */ = {isa = PBXFileReference; explicitFileType = wrapper.cfbundle; includeInIndex = 0; path = GuessTests.xctest; sourceTree = BUILT_PRODUCTS_DIR; };
		9344BE891AA82DA500E68858 /* Info.plist */ = {isa = PBXFileReference; lastKnownFileType = text.plist.xml; path = Info.plist; sourceTree = "<group>"; };
		9344BE8A1AA82DA500E68858 /* GuessTests.m */ = {isa = PBXFileReference; lastKnownFileType = sourcecode.c.objc; path = GuessTests.m; sourceTree = "<group>"; };
		9344BE961AA82E0800E68858 /* AppDelegate.h */ = {isa = PBXFileReference; fileEncoding = 4; lastKnownFileType = sourcecode.c.h; path = AppDelegate.h; sourceTree = "<group>"; };
		9344BE971AA82E0800E68858 /* AppDelegate.m */ = {isa = PBXFileReference; fileEncoding = 4; lastKnownFileType = sourcecode.c.objc; path = AppDelegate.m; sourceTree = "<group>"; };
		9344C7541AA835EE00E68858 /* BaseViewController.h */ = {isa = PBXFileReference; fileEncoding = 4; lastKnownFileType = sourcecode.c.h; path = BaseViewController.h; sourceTree = "<group>"; };
		9344C7551AA835EE00E68858 /* BaseViewController.m */ = {isa = PBXFileReference; fileEncoding = 4; lastKnownFileType = sourcecode.c.objc; path = BaseViewController.m; sourceTree = "<group>"; };
		9344C7571AA835FD00E68858 /* MainViewController.h */ = {isa = PBXFileReference; fileEncoding = 4; lastKnownFileType = sourcecode.c.h; path = MainViewController.h; sourceTree = "<group>"; };
		9344C7581AA835FD00E68858 /* MainViewController.m */ = {isa = PBXFileReference; fileEncoding = 4; lastKnownFileType = sourcecode.c.objc; path = MainViewController.m; sourceTree = "<group>"; };
		9344C7591AA835FD00E68858 /* MainViewController.xib */ = {isa = PBXFileReference; fileEncoding = 4; lastKnownFileType = file.xib; path = MainViewController.xib; sourceTree = "<group>"; };
		9344C75C1AA83B6700E68858 /* MyNavViewController.h */ = {isa = PBXFileReference; fileEncoding = 4; lastKnownFileType = sourcecode.c.h; path = MyNavViewController.h; sourceTree = "<group>"; };
		9344C75D1AA83B6700E68858 /* MyNavViewController.m */ = {isa = PBXFileReference; fileEncoding = 4; lastKnownFileType = sourcecode.c.objc; path = MyNavViewController.m; sourceTree = "<group>"; };
		9344CFD81AA958DE00E68858 /* UIImage+QJ.h */ = {isa = PBXFileReference; fileEncoding = 4; lastKnownFileType = sourcecode.c.h; path = "UIImage+QJ.h"; sourceTree = "<group>"; };
		9344CFD91AA958DE00E68858 /* UIImage+QJ.m */ = {isa = PBXFileReference; fileEncoding = 4; lastKnownFileType = sourcecode.c.objc; path = "UIImage+QJ.m"; sourceTree = "<group>"; };
/* End PBXFileReference section */

/* Begin PBXFrameworksBuildPhase section */
		9344BE651AA82DA500E68858 /* Frameworks */ = {
			isa = PBXFrameworksBuildPhase;
			buildActionMask = 2147483647;
			files = (
			);
			runOnlyForDeploymentPostprocessing = 0;
		};
		9344BE811AA82DA500E68858 /* Frameworks */ = {
			isa = PBXFrameworksBuildPhase;
			buildActionMask = 2147483647;
			files = (
			);
			runOnlyForDeploymentPostprocessing = 0;
		};
/* End PBXFrameworksBuildPhase section */

/* Begin PBXGroup section */
		319D33861AAC108A00DCE9BB /* Res */ = {
			isa = PBXGroup;
			children = (
				319D33891AAC10A200DCE9BB /* customerimage */,
				319D33871AAC109100DCE9BB /* source.plist */,
			);
			path = Res;
			sourceTree = "<group>";
		};
		319D33891AAC10A200DCE9BB /* customerimage */ = {
			isa = PBXGroup;
			children = (
				319D338A1AAC10A200DCE9BB /* question1.png */,
				319D338B1AAC10A200DCE9BB /* question10.png */,
				319D338C1AAC10A200DCE9BB /* question11.png */,
				319D338D1AAC10A200DCE9BB /* question12.png */,
				319D338E1AAC10A200DCE9BB /* question13.png */,
				319D338F1AAC10A200DCE9BB /* question14.png */,
				319D33901AAC10A200DCE9BB /* question15.png */,
				319D33911AAC10A200DCE9BB /* question16.png */,
				319D33921AAC10A200DCE9BB /* question17.png */,
				319D33931AAC10A200DCE9BB /* question18.png */,
				319D33941AAC10A200DCE9BB /* question19.png */,
				319D33951AAC10A200DCE9BB /* question2.png */,
				319D33961AAC10A200DCE9BB /* question20.png */,
				319D33971AAC10A200DCE9BB /* question21.png */,
				319D33981AAC10A200DCE9BB /* question22.png */,
				319D33991AAC10A200DCE9BB /* question23.png */,
				319D339A1AAC10A200DCE9BB /* question24.png */,
				319D339B1AAC10A200DCE9BB /* question25.png */,
				319D339C1AAC10A200DCE9BB /* question27.png */,
				319D339D1AAC10A200DCE9BB /* question28.png */,
				319D339E1AAC10A200DCE9BB /* question29.png */,
				319D339F1AAC10A200DCE9BB /* question3.png */,
				319D33A01AAC10A200DCE9BB /* question30.png */,
				319D33A11AAC10A200DCE9BB /* question31.png */,
				319D33A21AAC10A200DCE9BB /* question32.png */,
				319D33A31AAC10A200DCE9BB /* question33.png */,
				319D33A41AAC10A200DCE9BB /* question34.png */,
				319D33A51AAC10A200DCE9BB /* question35.png */,
				319D33A61AAC10A200DCE9BB /* question36.png */,
				319D33A71AAC10A200DCE9BB /* question37.png */,
				319D33A81AAC10A200DCE9BB /* question38.png */,
				319D33A91AAC10A200DCE9BB /* question39.png */,
				319D33AA1AAC10A200DCE9BB /* question4.png */,
				319D33AB1AAC10A200DCE9BB /* question40.png */,
				319D33AC1AAC10A200DCE9BB /* question5.png */,
				319D33AD1AAC10A200DCE9BB /* question6.png */,
				319D33AE1AAC10A200DCE9BB /* question7.png */,
				319D33AF1AAC10A200DCE9BB /* question8.png */,
				319D33B01AAC10A200DCE9BB /* question9.png */,
			);
			path = customerimage;
			sourceTree = "<group>";
		};
		319D33EB1AAC7BEE00DCE9BB /* competitionController */ = {
			isa = PBXGroup;
			children = (
				319D33F11AAC7C3000DCE9BB /* CompetitionControllerView.h */,
				319D33F21AAC7C3000DCE9BB /* CompetitionControllerView.m */,
				319D33F31AAC7C3000DCE9BB /* CompetitionControllerView.xib */,
			);
			path = competitionController;
			sourceTree = "<group>";
		};
		31B8E0661AA88EEC0052498A /* palyController */ = {
			isa = PBXGroup;
			children = (
				31E93D531AA9F6AE00527541 /* Controller */,
				31E93D571AA9F6AE00527541 /* Model */,
				31E93D581AA9F6AE00527541 /* View */,
			);
			path = palyController;
			sourceTree = "<group>";
		};
		31B8E06C1AA898700052498A /* SettingController */ = {
			isa = PBXGroup;
			children = (
				31B8E0721AA899DF0052498A /* Controller */,
				31B8E0761AA899DF0052498A /* Model */,
			);
			path = SettingController;
			sourceTree = "<group>";
		};
		31B8E0721AA899DF0052498A /* Controller */ = {
			isa = PBXGroup;
			children = (
				31B8E0731AA899DF0052498A /* SettingViewController.h */,
				31B8E0741AA899DF0052498A /* SettingViewController.m */,
				31B8E0751AA899DF0052498A /* SettingViewController.xib */,
			);
			path = Controller;
			sourceTree = "<group>";
		};
		31B8E0761AA899DF0052498A /* Model */ = {
			isa = PBXGroup;
			children = (
				31B8E0791AA89A0F0052498A /* SettingModel.h */,
				31B8E07A1AA89A0F0052498A /* SettingModel.m */,
			);
			path = Model;
			sourceTree = "<group>";
		};
		31E93D531AA9F6AE00527541 /* Controller */ = {
			isa = PBXGroup;
			children = (
				31E93D541AA9F6AE00527541 /* PlayViewController.h */,
				31E93D551AA9F6AE00527541 /* PlayViewController.m */,
				31E93D561AA9F6AE00527541 /* PlayViewController.xib */,
			);
			path = Controller;
			sourceTree = "<group>";
		};
		31E93D571AA9F6AE00527541 /* Model */ = {
			isa = PBXGroup;
			children = (
				319D33D81AAC174C00DCE9BB /* playModel.h */,
				319D33D91AAC174C00DCE9BB /* playModel.m */,
			);
			path = Model;
			sourceTree = "<group>";
		};
		31E93D581AA9F6AE00527541 /* View */ = {
			isa = PBXGroup;
			children = (
				31E93D5B1AA9F6F700527541 /* TitleCollectionViewCell.h */,
				31E93D5C1AA9F6F700527541 /* TitleCollectionViewCell.m */,
				315708E21AAAF706003D26D9 /* TitleCollectionViewCell.xib */,
				319D33DB1AAC32D200DCE9BB /* winAlterView.h */,
				319D33DC1AAC32D200DCE9BB /* winAlterView.m */,
				319D33DE1AAC32E700DCE9BB /* winAlterView.xib */,
			);
			path = View;
			sourceTree = "<group>";
		};
		9344BE5F1AA82DA500E68858 = {
			isa = PBXGroup;
			children = (
				9344BE6A1AA82DA500E68858 /* Guess */,
				9344BE871AA82DA500E68858 /* GuessTests */,
				9344BE691AA82DA500E68858 /* Products */,
			);
			sourceTree = "<group>";
		};
		9344BE691AA82DA500E68858 /* Products */ = {
			isa = PBXGroup;
			children = (
				9344BE681AA82DA500E68858 /* Guess.app */,
				9344BE841AA82DA500E68858 /* GuessTests.xctest */,
			);
			name = Products;
			sourceTree = "<group>";
		};
		9344BE6A1AA82DA500E68858 /* Guess */ = {
			isa = PBXGroup;
			children = (
				319D33861AAC108A00DCE9BB /* Res */,
				9344CFD71AA956BE00E68858 /* Category */,
				9344C7531AA835DD00E68858 /* BassClass */,
				9344BE941AA82E0800E68858 /* Controller */,
				9344BE951AA82E0800E68858 /* Other */,
				9344BE7B1AA82DA500E68858 /* Images.xcassets */,
				9344BE6B1AA82DA500E68858 /* Supporting Files */,
			);
			path = Guess;
			sourceTree = "<group>";
		};
		9344BE6B1AA82DA500E68858 /* Supporting Files */ = {
			isa = PBXGroup;
			children = (
				9344BE6C1AA82DA500E68858 /* Info.plist */,
				9344BE6D1AA82DA500E68858 /* main.m */,
			);
			name = "Supporting Files";
			sourceTree = "<group>";
		};
		9344BE871AA82DA500E68858 /* GuessTests */ = {
			isa = PBXGroup;
			children = (
				9344BE8A1AA82DA500E68858 /* GuessTests.m */,
				9344BE881AA82DA500E68858 /* Supporting Files */,
			);
			path = GuessTests;
			sourceTree = "<group>";
		};
		9344BE881AA82DA500E68858 /* Supporting Files */ = {
			isa = PBXGroup;
			children = (
				9344BE891AA82DA500E68858 /* Info.plist */,
			);
			name = "Supporting Files";
			sourceTree = "<group>";
		};
		9344BE941AA82E0800E68858 /* Controller */ = {
			isa = PBXGroup;
			children = (
				319D33EB1AAC7BEE00DCE9BB /* competitionController */,
				31B8E06C1AA898700052498A /* SettingController */,
				31B8E0661AA88EEC0052498A /* palyController */,
				9344C7521AA835A800E68858 /* MainController */,
			);
			path = Controller;
			sourceTree = "<group>";
		};
		9344BE951AA82E0800E68858 /* Other */ = {
			isa = PBXGroup;
			children = (
				9344BE961AA82E0800E68858 /* AppDelegate.h */,
				9344BE971AA82E0800E68858 /* AppDelegate.m */,
			);
			path = Other;
			sourceTree = "<group>";
		};
		9344C7521AA835A800E68858 /* MainController */ = {
			isa = PBXGroup;
			children = (
				9344C7571AA835FD00E68858 /* MainViewController.h */,
				9344C7581AA835FD00E68858 /* MainViewController.m */,
				9344C7591AA835FD00E68858 /* MainViewController.xib */,
			);
			path = MainController;
			sourceTree = "<group>";
		};
		9344C7531AA835DD00E68858 /* BassClass */ = {
			isa = PBXGroup;
			children = (
				9344C7541AA835EE00E68858 /* BaseViewController.h */,
				9344C7551AA835EE00E68858 /* BaseViewController.m */,
				9344C75C1AA83B6700E68858 /* MyNavViewController.h */,
				9344C75D1AA83B6700E68858 /* MyNavViewController.m */,
			);
			path = BassClass;
			sourceTree = "<group>";
		};
		9344CFD71AA956BE00E68858 /* Category */ = {
			isa = PBXGroup;
			children = (
				9344CFD81AA958DE00E68858 /* UIImage+QJ.h */,
				9344CFD91AA958DE00E68858 /* UIImage+QJ.m */,
			);
			path = Category;
			sourceTree = "<group>";
		};
/* End PBXGroup section */

/* Begin PBXNativeTarget section */
		9344BE671AA82DA500E68858 /* Guess */ = {
			isa = PBXNativeTarget;
			buildConfigurationList = 9344BE8E1AA82DA500E68858 /* Build configuration list for PBXNativeTarget "Guess" */;
			buildPhases = (
				9344BE641AA82DA500E68858 /* Sources */,
				9344BE651AA82DA500E68858 /* Frameworks */,
				9344BE661AA82DA500E68858 /* Resources */,
			);
			buildRules = (
			);
			dependencies = (
			);
			name = Guess;
			productName = Guess;
			productReference = 9344BE681AA82DA500E68858 /* Guess.app */;
			productType = "com.apple.product-type.application";
		};
		9344BE831AA82DA500E68858 /* GuessTests */ = {
			isa = PBXNativeTarget;
			buildConfigurationList = 9344BE911AA82DA500E68858 /* Build configuration list for PBXNativeTarget "GuessTests" */;
			buildPhases = (
				9344BE801AA82DA500E68858 /* Sources */,
				9344BE811AA82DA500E68858 /* Frameworks */,
				9344BE821AA82DA500E68858 /* Resources */,
			);
			buildRules = (
			);
			dependencies = (
				9344BE861AA82DA500E68858 /* PBXTargetDependency */,
			);
			name = GuessTests;
			productName = GuessTests;
			productReference = 9344BE841AA82DA500E68858 /* GuessTests.xctest */;
			productType = "com.apple.product-type.bundle.unit-test";
		};
/* End PBXNativeTarget section */

/* Begin PBXProject section */
		9344BE601AA82DA500E68858 /* Project object */ = {
			isa = PBXProject;
			attributes = {
				LastUpgradeCheck = 0610;
				ORGANIZATIONNAME = QJ;
				TargetAttributes = {
					9344BE671AA82DA500E68858 = {
						CreatedOnToolsVersion = 6.1.1;
					};
					9344BE831AA82DA500E68858 = {
						CreatedOnToolsVersion = 6.1.1;
						TestTargetID = 9344BE671AA82DA500E68858;
					};
				};
			};
			buildConfigurationList = 9344BE631AA82DA500E68858 /* Build configuration list for PBXProject "Guess" */;
			compatibilityVersion = "Xcode 3.2";
			developmentRegion = English;
			hasScannedForEncodings = 0;
			knownRegions = (
				en,
				Base,
			);
			mainGroup = 9344BE5F1AA82DA500E68858;
			productRefGroup = 9344BE691AA82DA500E68858 /* Products */;
			projectDirPath = "";
			projectRoot = "";
			targets = (
				9344BE671AA82DA500E68858 /* Guess */,
				9344BE831AA82DA500E68858 /* GuessTests */,
			);
		};
/* End PBXProject section */

/* Begin PBXResourcesBuildPhase section */
		9344BE661AA82DA500E68858 /* Resources */ = {
			isa = PBXResourcesBuildPhase;
			buildActionMask = 2147483647;
			files = (
				319D33C31AAC10A200DCE9BB /* question27.png in Resources */,
				319D33C21AAC10A200DCE9BB /* question25.png in Resources */,
				319D33BF1AAC10A200DCE9BB /* question22.png in Resources */,
				319D33C61AAC10A200DCE9BB /* question3.png in Resources */,
				319D33D11AAC10A200DCE9BB /* question4.png in Resources */,
				319D33D21AAC10A200DCE9BB /* question40.png in Resources */,
				319D33BE1AAC10A200DCE9BB /* question21.png in Resources */,
				319D33C81AAC10A200DCE9BB /* question31.png in Resources */,
				319D33C71AAC10A200DCE9BB /* question30.png in Resources */,
				319D33B91AAC10A200DCE9BB /* question17.png in Resources */,
				319D33D51AAC10A200DCE9BB /* question7.png in Resources */,
				319D33CB1AAC10A200DCE9BB /* question34.png in Resources */,
				319D33D61AAC10A200DCE9BB /* question8.png in Resources */,
				319D33C11AAC10A200DCE9BB /* question24.png in Resources */,
				319D33B51AAC10A200DCE9BB /* question13.png in Resources */,
				319D33CE1AAC10A200DCE9BB /* question37.png in Resources */,
				319D33BA1AAC10A200DCE9BB /* question18.png in Resources */,
				319D33B41AAC10A200DCE9BB /* question12.png in Resources */,
				319D33C01AAC10A200DCE9BB /* question23.png in Resources */,
				319D33D01AAC10A200DCE9BB /* question39.png in Resources */,
				319D33BB1AAC10A200DCE9BB /* question19.png in Resources */,
				319D33C41AAC10A200DCE9BB /* question28.png in Resources */,
				319D33D71AAC10A200DCE9BB /* question9.png in Resources */,
				319D33F51AAC7C3000DCE9BB /* CompetitionControllerView.xib in Resources */,
				319D33D31AAC10A200DCE9BB /* question5.png in Resources */,
				319D33DF1AAC32E700DCE9BB /* winAlterView.xib in Resources */,
				31B8E0781AA899DF0052498A /* SettingViewController.xib in Resources */,
				31E93D5A1AA9F6AE00527541 /* PlayViewController.xib in Resources */,
				319D33C51AAC10A200DCE9BB /* question29.png in Resources */,
				319D33B81AAC10A200DCE9BB /* question16.png in Resources */,
				319D33CD1AAC10A200DCE9BB /* question36.png in Resources */,
				319D33B21AAC10A200DCE9BB /* question10.png in Resources */,
				319D33CC1AAC10A200DCE9BB /* question35.png in Resources */,
				319D33D41AAC10A200DCE9BB /* question6.png in Resources */,
				319D33C91AAC10A200DCE9BB /* question32.png in Resources */,
				315708E31AAAF706003D26D9 /* TitleCollectionViewCell.xib in Resources */,
				319D33BC1AAC10A200DCE9BB /* question2.png in Resources */,
				319D33B61AAC10A200DCE9BB /* question14.png in Resources */,
				9344BE7C1AA82DA500E68858 /* Images.xcassets in Resources */,
				9344C75B1AA835FD00E68858 /* MainViewController.xib in Resources */,
				319D33B31AAC10A200DCE9BB /* question11.png in Resources */,
				319D33BD1AAC10A200DCE9BB /* question20.png in Resources */,
				319D33B11AAC10A200DCE9BB /* question1.png in Resources */,
				319D33B71AAC10A200DCE9BB /* question15.png in Resources */,
				319D33CF1AAC10A200DCE9BB /* question38.png in Resources */,
				319D33881AAC109100DCE9BB /* source.plist in Resources */,
				319D33CA1AAC10A200DCE9BB /* question33.png in Resources */,
			);
			runOnlyForDeploymentPostprocessing = 0;
		};
		9344BE821AA82DA500E68858 /* Resources */ = {
			isa = PBXResourcesBuildPhase;
			buildActionMask = 2147483647;
			files = (
			);
			runOnlyForDeploymentPostprocessing = 0;
		};
/* End PBXResourcesBuildPhase section */

/* Begin PBXSourcesBuildPhase section */
		9344BE641AA82DA500E68858 /* Sources */ = {
			isa = PBXSourcesBuildPhase;
			buildActionMask = 2147483647;
			files = (
				31B8E07B1AA89A0F0052498A /* SettingModel.m in Sources */,
				319D33DA1AAC174C00DCE9BB /* playModel.m in Sources */,
				319D33DD1AAC32D200DCE9BB /* winAlterView.m in Sources */,
				9344C75E1AA83B6700E68858 /* MyNavViewController.m in Sources */,
				9344BE6E1AA82DA500E68858 /* main.m in Sources */,
				319D33F41AAC7C3000DCE9BB /* CompetitionControllerView.m in Sources */,
				31E93D5E1AA9F6F700527541 /* TitleCollectionViewCell.m in Sources */,
				9344C7561AA835EE00E68858 /* BaseViewController.m in Sources */,
				9344BE991AA82E0800E68858 /* AppDelegate.m in Sources */,
				9344CFDA1AA958DE00E68858 /* UIImage+QJ.m in Sources */,
				9344C75A1AA835FD00E68858 /* MainViewController.m in Sources */,
				31E93D591AA9F6AE00527541 /* PlayViewController.m in Sources */,
				31B8E0771AA899DF0052498A /* SettingViewController.m in Sources */,
			);
			runOnlyForDeploymentPostprocessing = 0;
		};
		9344BE801AA82DA500E68858 /* Sources */ = {
			isa = PBXSourcesBuildPhase;
			buildActionMask = 2147483647;
			files = (
				9344BE8B1AA82DA500E68858 /* GuessTests.m in Sources */,
			);
			runOnlyForDeploymentPostprocessing = 0;
		};
/* End PBXSourcesBuildPhase section */

/* Begin PBXTargetDependency section */
		9344BE861AA82DA500E68858 /* PBXTargetDependency */ = {
			isa = PBXTargetDependency;
			target = 9344BE671AA82DA500E68858 /* Guess */;
			targetProxy = 9344BE851AA82DA500E68858 /* PBXContainerItemProxy */;
		};
/* End PBXTargetDependency section */

/* Begin XCBuildConfiguration section */
		9344BE8C1AA82DA500E68858 /* Debug */ = {
			isa = XCBuildConfiguration;
			buildSettings = {
				ALWAYS_SEARCH_USER_PATHS = NO;
				CLANG_CXX_LANGUAGE_STANDARD = "gnu++0x";
				CLANG_CXX_LIBRARY = "libc++";
				CLANG_ENABLE_MODULES = YES;
				CLANG_ENABLE_OBJC_ARC = YES;
				CLANG_WARN_BOOL_CONVERSION = YES;
				CLANG_WARN_CONSTANT_CONVERSION = YES;
				CLANG_WARN_DIRECT_OBJC_ISA_USAGE = YES_ERROR;
				CLANG_WARN_EMPTY_BODY = YES;
				CLANG_WARN_ENUM_CONVERSION = YES;
				CLANG_WARN_INT_CONVERSION = YES;
				CLANG_WARN_OBJC_ROOT_CLASS = YES_ERROR;
				CLANG_WARN_UNREACHABLE_CODE = YES;
				CLANG_WARN__DUPLICATE_METHOD_MATCH = YES;
				"CODE_SIGN_IDENTITY[sdk=iphoneos*]" = "iPhone Developer";
				COPY_PHASE_STRIP = NO;
				ENABLE_STRICT_OBJC_MSGSEND = YES;
				GCC_C_LANGUAGE_STANDARD = gnu99;
				GCC_DYNAMIC_NO_PIC = NO;
				GCC_OPTIMIZATION_LEVEL = 0;
				GCC_PREPROCESSOR_DEFINITIONS = (
					"DEBUG=1",
					"$(inherited)",
				);
				GCC_SYMBOLS_PRIVATE_EXTERN = NO;
				GCC_WARN_64_TO_32_BIT_CONVERSION = YES;
				GCC_WARN_ABOUT_RETURN_TYPE = YES_ERROR;
				GCC_WARN_UNDECLARED_SELECTOR = YES;
				GCC_WARN_UNINITIALIZED_AUTOS = YES_AGGRESSIVE;
				GCC_WARN_UNUSED_FUNCTION = YES;
				GCC_WARN_UNUSED_VARIABLE = YES;
				IPHONEOS_DEPLOYMENT_TARGET = 8.1;
				MTL_ENABLE_DEBUG_INFO = YES;
				ONLY_ACTIVE_ARCH = YES;
				SDKROOT = iphoneos;
			};
			name = Debug;
		};
		9344BE8D1AA82DA500E68858 /* Release */ = {
			isa = XCBuildConfiguration;
			buildSettings = {
				ALWAYS_SEARCH_USER_PATHS = NO;
				CLANG_CXX_LANGUAGE_STANDARD = "gnu++0x";
				CLANG_CXX_LIBRARY = "libc++";
				CLANG_ENABLE_MODULES = YES;
				CLANG_ENABLE_OBJC_ARC = YES;
				CLANG_WARN_BOOL_CONVERSION = YES;
				CLANG_WARN_CONSTANT_CONVERSION = YES;
				CLANG_WARN_DIRECT_OBJC_ISA_USAGE = YES_ERROR;
				CLANG_WARN_EMPTY_BODY = YES;
				CLANG_WARN_ENUM_CONVERSION = YES;
				CLANG_WARN_INT_CONVERSION = YES;
				CLANG_WARN_OBJC_ROOT_CLASS = YES_ERROR;
				CLANG_WARN_UNREACHABLE_CODE = YES;
				CLANG_WARN__DUPLICATE_METHOD_MATCH = YES;
				"CODE_SIGN_IDENTITY[sdk=iphoneos*]" = "iPhone Developer";
				COPY_PHASE_STRIP = YES;
				ENABLE_NS_ASSERTIONS = NO;
				ENABLE_STRICT_OBJC_MSGSEND = YES;
				GCC_C_LANGUAGE_STANDARD = gnu99;
				GCC_WARN_64_TO_32_BIT_CONVERSION = YES;
				GCC_WARN_ABOUT_RETURN_TYPE = YES_ERROR;
				GCC_WARN_UNDECLARED_SELECTOR = YES;
				GCC_WARN_UNINITIALIZED_AUTOS = YES_AGGRESSIVE;
				GCC_WARN_UNUSED_FUNCTION = YES;
				GCC_WARN_UNUSED_VARIABLE = YES;
				IPHONEOS_DEPLOYMENT_TARGET = 8.1;
				MTL_ENABLE_DEBUG_INFO = NO;
				SDKROOT = iphoneos;
				VALIDATE_PRODUCT = YES;
			};
			name = Release;
		};
		9344BE8F1AA82DA500E68858 /* Debug */ = {
			isa = XCBuildConfiguration;
			buildSettings = {
				ASSETCATALOG_COMPILER_APPICON_NAME = AppIcon;
				ASSETCATALOG_COMPILER_LAUNCHIMAGE_NAME = LaunchImage;
				INFOPLIST_FILE = Guess/Info.plist;
				IPHONEOS_DEPLOYMENT_TARGET = 7.0;
				LD_RUNPATH_SEARCH_PATHS = "$(inherited) @executable_path/Frameworks";
				PRODUCT_NAME = "$(TARGET_NAME)";
			};
			name = Debug;
		};
		9344BE901AA82DA500E68858 /* Release */ = {
			isa = XCBuildConfiguration;
			buildSettings = {
				ASSETCATALOG_COMPILER_APPICON_NAME = AppIcon;
				ASSETCATALOG_COMPILER_LAUNCHIMAGE_NAME = LaunchImage;
				INFOPLIST_FILE = Guess/Info.plist;
				IPHONEOS_DEPLOYMENT_TARGET = 7.0;
				LD_RUNPATH_SEARCH_PATHS = "$(inherited) @executable_path/Frameworks";
				PRODUCT_NAME = "$(TARGET_NAME)";
			};
			name = Release;
		};
		9344BE921AA82DA500E68858 /* Debug */ = {
			isa = XCBuildConfiguration;
			buildSettings = {
				BUNDLE_LOADER = "$(TEST_HOST)";
				FRAMEWORK_SEARCH_PATHS = (
					"$(SDKROOT)/Developer/Library/Frameworks",
					"$(inherited)",
				);
				GCC_PREPROCESSOR_DEFINITIONS = (
					"DEBUG=1",
					"$(inherited)",
				);
				INFOPLIST_FILE = GuessTests/Info.plist;
				LD_RUNPATH_SEARCH_PATHS = "$(inherited) @executable_path/Frameworks @loader_path/Frameworks";
				PRODUCT_NAME = "$(TARGET_NAME)";
				TEST_HOST = "$(BUILT_PRODUCTS_DIR)/Guess.app/Guess";
			};
			name = Debug;
		};
		9344BE931AA82DA500E68858 /* Release */ = {
			isa = XCBuildConfiguration;
			buildSettings = {
				BUNDLE_LOADER = "$(TEST_HOST)";
				FRAMEWORK_SEARCH_PATHS = (
					"$(SDKROOT)/Developer/Library/Frameworks",
					"$(inherited)",
				);
				INFOPLIST_FILE = GuessTests/Info.plist;
				LD_RUNPATH_SEARCH_PATHS = "$(inherited) @executable_path/Frameworks @loader_path/Frameworks";
				PRODUCT_NAME = "$(TARGET_NAME)";
				TEST_HOST = "$(BUILT_PRODUCTS_DIR)/Guess.app/Guess";
			};
			name = Release;
		};
/* End XCBuildConfiguration section */

/* Begin XCConfigurationList section */
		9344BE631AA82DA500E68858 /* Build configuration list for PBXProject "Guess" */ = {
			isa = XCConfigurationList;
			buildConfigurations = (
				9344BE8C1AA82DA500E68858 /* Debug */,
				9344BE8D1AA82DA500E68858 /* Release */,
			);
			defaultConfigurationIsVisible = 0;
			defaultConfigurationName = Release;
		};
		9344BE8E1AA82DA500E68858 /* Build configuration list for PBXNativeTarget "Guess" */ = {
			isa = XCConfigurationList;
			buildConfigurations = (
				9344BE8F1AA82DA500E68858 /* Debug */,
				9344BE901AA82DA500E68858 /* Release */,
			);
			defaultConfigurationIsVisible = 0;
			defaultConfigurationName = Release;
		};
		9344BE911AA82DA500E68858 /* Build configuration list for PBXNativeTarget "GuessTests" */ = {
			isa = XCConfigurationList;
			buildConfigurations = (
				9344BE921AA82DA500E68858 /* Debug */,
				9344BE931AA82DA500E68858 /* Release */,
			);
			defaultConfigurationIsVisible = 0;
			defaultConfigurationName = Release;
		};
/* End XCConfigurationList section */
	};
	rootObject = 9344BE601AA82DA500E68858 /* Project object */;
}
